// !$*UTF8*$!
{
	archiveVersion = 1;
	classes = {
	};
	objectVersion = 55;
	objects = {

/* Begin PBXBuildFile section */
		8A2C97B495BA34EE5751BB23 /* Pods_SpotifyLoginSampleApp.framework in Frameworks */ = {isa = PBXBuildFile; fileRef = CC717BCC15248A1B1352A13F /* Pods_SpotifyLoginSampleApp.framework */; };
		AE8904DB27DF6BBE006CC4DB /* AppDelegate.swift in Sources */ = {isa = PBXBuildFile; fileRef = AE8904DA27DF6BBE006CC4DB /* AppDelegate.swift */; };
		AE8904DD27DF6BBE006CC4DB /* SceneDelegate.swift in Sources */ = {isa = PBXBuildFile; fileRef = AE8904DC27DF6BBE006CC4DB /* SceneDelegate.swift */; };
		AE8904E227DF6BBE006CC4DB /* Main.storyboard in Resources */ = {isa = PBXBuildFile; fileRef = AE8904E027DF6BBE006CC4DB /* Main.storyboard */; };
		AE8904E427DF6BBE006CC4DB /* Assets.xcassets in Resources */ = {isa = PBXBuildFile; fileRef = AE8904E327DF6BBE006CC4DB /* Assets.xcassets */; };
		AE8904E727DF6BBE006CC4DB /* LaunchScreen.storyboard in Resources */ = {isa = PBXBuildFile; fileRef = AE8904E527DF6BBE006CC4DB /* LaunchScreen.storyboard */; };
		AE8904EF27DF6C03006CC4DB /* LoginViewController.swift in Sources */ = {isa = PBXBuildFile; fileRef = AE8904EE27DF6C03006CC4DB /* LoginViewController.swift */; };
		AE8904F127DF763D006CC4DB /* EnterEmailViewController.swift in Sources */ = {isa = PBXBuildFile; fileRef = AE8904F027DF763D006CC4DB /* EnterEmailViewController.swift */; };
		AE8904F327DF7C1D006CC4DB /* MainViewController.swift in Sources */ = {isa = PBXBuildFile; fileRef = AE8904F227DF7C1D006CC4DB /* MainViewController.swift */; };
		AEC9F50527E0AE420008E812 /* GoogleService-Info.plist in Resources */ = {isa = PBXBuildFile; fileRef = AEC9F50427E0AE420008E812 /* GoogleService-Info.plist */; };
/* End PBXBuildFile section */

/* Begin PBXFileReference section */
		3537D952983D56AC04FF17FA /* Pods-SpotifyLoginSampleApp.release.xcconfig */ = {isa = PBXFileReference; includeInIndex = 1; lastKnownFileType = text.xcconfig; name = "Pods-SpotifyLoginSampleApp.release.xcconfig"; path = "Target Support Files/Pods-SpotifyLoginSampleApp/Pods-SpotifyLoginSampleApp.release.xcconfig"; sourceTree = "<group>"; };
		7B07F3E3F9A335D36EDB0D77 /* Pods-SpotifyLoginSampleApp.debug.xcconfig */ = {isa = PBXFileReference; includeInIndex = 1; lastKnownFileType = text.xcconfig; name = "Pods-SpotifyLoginSampleApp.debug.xcconfig"; path = "Target Support Files/Pods-SpotifyLoginSampleApp/Pods-SpotifyLoginSampleApp.debug.xcconfig"; sourceTree = "<group>"; };
		AE8904D727DF6BBE006CC4DB /* SpotifyLoginSampleApp.app */ = {isa = PBXFileReference; explicitFileType = wrapper.application; includeInIndex = 0; path = SpotifyLoginSampleApp.app; sourceTree = BUILT_PRODUCTS_DIR; };
		AE8904DA27DF6BBE006CC4DB /* AppDelegate.swift */ = {isa = PBXFileReference; lastKnownFileType = sourcecode.swift; path = AppDelegate.swift; sourceTree = "<group>"; };
		AE8904DC27DF6BBE006CC4DB /* SceneDelegate.swift */ = {isa = PBXFileReference; lastKnownFileType = sourcecode.swift; path = SceneDelegate.swift; sourceTree = "<group>"; };
		AE8904E127DF6BBE006CC4DB /* Base */ = {isa = PBXFileReference; lastKnownFileType = file.storyboard; name = Base; path = Base.lproj/Main.storyboard; sourceTree = "<group>"; };
		AE8904E327DF6BBE006CC4DB /* Assets.xcassets */ = {isa = PBXFileReference; lastKnownFileType = folder.assetcatalog; path = Assets.xcassets; sourceTree = "<group>"; };
		AE8904E627DF6BBE006CC4DB /* Base */ = {isa = PBXFileReference; lastKnownFileType = file.storyboard; name = Base; path = Base.lproj/LaunchScreen.storyboard; sourceTree = "<group>"; };
		AE8904E827DF6BBE006CC4DB /* Info.plist */ = {isa = PBXFileReference; lastKnownFileType = text.plist.xml; path = Info.plist; sourceTree = "<group>"; };
		AE8904EE27DF6C03006CC4DB /* LoginViewController.swift */ = {isa = PBXFileReference; lastKnownFileType = sourcecode.swift; path = LoginViewController.swift; sourceTree = "<group>"; };
		AE8904F027DF763D006CC4DB /* EnterEmailViewController.swift */ = {isa = PBXFileReference; lastKnownFileType = sourcecode.swift; path = EnterEmailViewController.swift; sourceTree = "<group>"; };
		AE8904F227DF7C1D006CC4DB /* MainViewController.swift */ = {isa = PBXFileReference; lastKnownFileType = sourcecode.swift; path = MainViewController.swift; sourceTree = "<group>"; };
		AEC9F50427E0AE420008E812 /* GoogleService-Info.plist */ = {isa = PBXFileReference; fileEncoding = 4; lastKnownFileType = text.plist.xml; path = "GoogleService-Info.plist"; sourceTree = "<group>"; };
		CC717BCC15248A1B1352A13F /* Pods_SpotifyLoginSampleApp.framework */ = {isa = PBXFileReference; explicitFileType = wrapper.framework; includeInIndex = 0; path = Pods_SpotifyLoginSampleApp.framework; sourceTree = BUILT_PRODUCTS_DIR; };
/* End PBXFileReference section */

/* Begin PBXFrameworksBuildPhase section */
		AE8904D427DF6BBE006CC4DB /* Frameworks */ = {
			isa = PBXFrameworksBuildPhase;
			buildActionMask = 2147483647;
			files = (
				8A2C97B495BA34EE5751BB23 /* Pods_SpotifyLoginSampleApp.framework in Frameworks */,
			);
			runOnlyForDeploymentPostprocessing = 0;
		};
/* End PBXFrameworksBuildPhase section */

/* Begin PBXGroup section */
		65C4065BDE76F1C8416A4E2E /* Frameworks */ = {
			isa = PBXGroup;
			children = (
				CC717BCC15248A1B1352A13F /* Pods_SpotifyLoginSampleApp.framework */,
			);
			name = Frameworks;
			sourceTree = "<group>";
		};
		AE8904CE27DF6BBE006CC4DB = {
			isa = PBXGroup;
			children = (
				AE8904D927DF6BBE006CC4DB /* SpotifyLoginSampleApp */,
				AE8904D827DF6BBE006CC4DB /* Products */,
				E2F23B2E1976B5B2D72889BA /* Pods */,
				65C4065BDE76F1C8416A4E2E /* Frameworks */,
			);
			sourceTree = "<group>";
		};
		AE8904D827DF6BBE006CC4DB /* Products */ = {
			isa = PBXGroup;
			children = (
				AE8904D727DF6BBE006CC4DB /* SpotifyLoginSampleApp.app */,
			);
			name = Products;
			sourceTree = "<group>";
		};
		AE8904D927DF6BBE006CC4DB /* SpotifyLoginSampleApp */ = {
			isa = PBXGroup;
			children = (
				AE8904F227DF7C1D006CC4DB /* MainViewController.swift */,
				AE8904DA27DF6BBE006CC4DB /* AppDelegate.swift */,
				AE8904DC27DF6BBE006CC4DB /* SceneDelegate.swift */,
				AE8904E027DF6BBE006CC4DB /* Main.storyboard */,
				AE8904F027DF763D006CC4DB /* EnterEmailViewController.swift */,
				AE8904EE27DF6C03006CC4DB /* LoginViewController.swift */,
				AE8904E327DF6BBE006CC4DB /* Assets.xcassets */,
				AE8904E527DF6BBE006CC4DB /* LaunchScreen.storyboard */,
				AE8904E827DF6BBE006CC4DB /* Info.plist */,
				AEC9F50427E0AE420008E812 /* GoogleService-Info.plist */,
			);
			path = SpotifyLoginSampleApp;
			sourceTree = "<group>";
		};
		E2F23B2E1976B5B2D72889BA /* Pods */ = {
			isa = PBXGroup;
			children = (
				7B07F3E3F9A335D36EDB0D77 /* Pods-SpotifyLoginSampleApp.debug.xcconfig */,
				3537D952983D56AC04FF17FA /* Pods-SpotifyLoginSampleApp.release.xcconfig */,
			);
			path = Pods;
			sourceTree = "<group>";
		};
/* End PBXGroup section */

/* Begin PBXNativeTarget section */
		AE8904D627DF6BBE006CC4DB /* SpotifyLoginSampleApp */ = {
			isa = PBXNativeTarget;
			buildConfigurationList = AE8904EB27DF6BBE006CC4DB /* Build configuration list for PBXNativeTarget "SpotifyLoginSampleApp" */;
			buildPhases = (
				0A90DC8C3F391221C0372289 /* [CP] Check Pods Manifest.lock */,
				AE8904D327DF6BBE006CC4DB /* Sources */,
				AE8904D427DF6BBE006CC4DB /* Frameworks */,
				AE8904D527DF6BBE006CC4DB /* Resources */,
				90DE4FE5CADEB7B8E5860882 /* [CP] Embed Pods Frameworks */,
			);
			buildRules = (
			);
			dependencies = (
			);
			name = SpotifyLoginSampleApp;
			productName = SpotifyLoginSampleApp;
			productReference = AE8904D727DF6BBE006CC4DB /* SpotifyLoginSampleApp.app */;
			productType = "com.apple.product-type.application";
		};
/* End PBXNativeTarget section */

/* Begin PBXProject section */
		AE8904CF27DF6BBE006CC4DB /* Project object */ = {
			isa = PBXProject;
			attributes = {
				BuildIndependentTargetsInParallel = 1;
				LastSwiftUpdateCheck = 1320;
				LastUpgradeCheck = 1320;
				TargetAttributes = {
					AE8904D627DF6BBE006CC4DB = {
						CreatedOnToolsVersion = 13.2.1;
					};
				};
			};
			buildConfigurationList = AE8904D227DF6BBE006CC4DB /* Build configuration list for PBXProject "SpotifyLoginSampleApp" */;
			compatibilityVersion = "Xcode 13.0";
			developmentRegion = en;
			hasScannedForEncodings = 0;
			knownRegions = (
				en,
				Base,
			);
			mainGroup = AE8904CE27DF6BBE006CC4DB;
			productRefGroup = AE8904D827DF6BBE006CC4DB /* Products */;
			projectDirPath = "";
			projectRoot = "";
			targets = (
				AE8904D627DF6BBE006CC4DB /* SpotifyLoginSampleApp */,
			);
		};
/* End PBXProject section */

/* Begin PBXResourcesBuildPhase section */
		AE8904D527DF6BBE006CC4DB /* Resources */ = {
			isa = PBXResourcesBuildPhase;
			buildActionMask = 2147483647;
			files = (
				AE8904E727DF6BBE006CC4DB /* LaunchScreen.storyboard in Resources */,
				AEC9F50527E0AE420008E812 /* GoogleService-Info.plist in Resources */,
				AE8904E427DF6BBE006CC4DB /* Assets.xcassets in Resources */,
				AE8904E227DF6BBE006CC4DB /* Main.storyboard in Resources */,
			);
			runOnlyForDeploymentPostprocessing = 0;
		};
/* End PBXResourcesBuildPhase section */

/* Begin PBXShellScriptBuildPhase section */
		0A90DC8C3F391221C0372289 /* [CP] Check Pods Manifest.lock */ = {
			isa = PBXShellScriptBuildPhase;
			buildActionMask = 2147483647;
			files = (
			);
			inputFileListPaths = (
			);
			inputPaths = (
				"${PODS_PODFILE_DIR_PATH}/Podfile.lock",
				"${PODS_ROOT}/Manifest.lock",
			);
			name = "[CP] Check Pods Manifest.lock";
			outputFileListPaths = (
			);
			outputPaths = (
				"$(DERIVED_FILE_DIR)/Pods-SpotifyLoginSampleApp-checkManifestLockResult.txt",
			);
			runOnlyForDeploymentPostprocessing = 0;
			shellPath = /bin/sh;
			shellScript = "diff \"${PODS_PODFILE_DIR_PATH}/Podfile.lock\" \"${PODS_ROOT}/Manifest.lock\" > /dev/null\nif [ $? != 0 ] ; then\n    # print error to STDERR\n    echo \"error: The sandbox is not in sync with the Podfile.lock. Run 'pod install' or update your CocoaPods installation.\" >&2\n    exit 1\nfi\n# This output is used by Xcode 'outputs' to avoid re-running this script phase.\necho \"SUCCESS\" > \"${SCRIPT_OUTPUT_FILE_0}\"\n";
			showEnvVarsInLog = 0;
		};
		90DE4FE5CADEB7B8E5860882 /* [CP] Embed Pods Frameworks */ = {
			isa = PBXShellScriptBuildPhase;
			buildActionMask = 2147483647;
			files = (
			);
			inputFileListPaths = (
				"${PODS_ROOT}/Target Support Files/Pods-SpotifyLoginSampleApp/Pods-SpotifyLoginSampleApp-frameworks-${CONFIGURATION}-input-files.xcfilelist",
			);
			name = "[CP] Embed Pods Frameworks";
			outputFileListPaths = (
				"${PODS_ROOT}/Target Support Files/Pods-SpotifyLoginSampleApp/Pods-SpotifyLoginSampleApp-frameworks-${CONFIGURATION}-output-files.xcfilelist",
			);
			runOnlyForDeploymentPostprocessing = 0;
			shellPath = /bin/sh;
			shellScript = "\"${PODS_ROOT}/Target Support Files/Pods-SpotifyLoginSampleApp/Pods-SpotifyLoginSampleApp-frameworks.sh\"\n";
			showEnvVarsInLog = 0;
		};
/* End PBXShellScriptBuildPhase section */

/* Begin PBXSourcesBuildPhase section */
		AE8904D327DF6BBE006CC4DB /* Sources */ = {
			isa = PBXSourcesBuildPhase;
			buildActionMask = 2147483647;
			files = (
				AE8904EF27DF6C03006CC4DB /* LoginViewController.swift in Sources */,
				AE8904DB27DF6BBE006CC4DB /* AppDelegate.swift in Sources */,
				AE8904F327DF7C1D006CC4DB /* MainViewController.swift in Sources */,
				AE8904F127DF763D006CC4DB /* EnterEmailViewController.swift in Sources */,
				AE8904DD27DF6BBE006CC4DB /* SceneDelegate.swift in Sources */,
			);
			runOnlyForDeploymentPostprocessing = 0;
		};
/* End PBXSourcesBuildPhase section */

/* Begin PBXVariantGroup section */
		AE8904E027DF6BBE006CC4DB /* Main.storyboard */ = {
			isa = PBXVariantGroup;
			children = (
				AE8904E127DF6BBE006CC4DB /* Base */,
			);
			name = Main.storyboard;
			sourceTree = "<group>";
		};
		AE8904E527DF6BBE006CC4DB /* LaunchScreen.storyboard */ = {
			isa = PBXVariantGroup;
			children = (
				AE8904E627DF6BBE006CC4DB /* Base */,
			);
			name = LaunchScreen.storyboard;
			sourceTree = "<group>";
		};
/* End PBXVariantGroup section */

/* Begin XCBuildConfiguration section */
		AE8904E927DF6BBE006CC4DB /* Debug */ = {
			isa = XCBuildConfiguration;
			buildSettings = {
				ALWAYS_SEARCH_USER_PATHS = NO;
				CLANG_ANALYZER_NONNULL = YES;
				CLANG_ANALYZER_NUMBER_OBJECT_CONVERSION = YES_AGGRESSIVE;
				CLANG_CXX_LANGUAGE_STANDARD = "gnu++17";
				CLANG_CXX_LIBRARY = "libc++";
				CLANG_ENABLE_MODULES = YES;
				CLANG_ENABLE_OBJC_ARC = YES;
				CLANG_ENABLE_OBJC_WEAK = YES;
				CLANG_WARN_BLOCK_CAPTURE_AUTORELEASING = YES;
				CLANG_WARN_BOOL_CONVERSION = YES;
				CLANG_WARN_COMMA = YES;
				CLANG_WARN_CONSTANT_CONVERSION = YES;
				CLANG_WARN_DEPRECATED_OBJC_IMPLEMENTATIONS = YES;
				CLANG_WARN_DIRECT_OBJC_ISA_USAGE = YES_ERROR;
				CLANG_WARN_DOCUMENTATION_COMMENTS = YES;
				CLANG_WARN_EMPTY_BODY = YES;
				CLANG_WARN_ENUM_CONVERSION = YES;
				CLANG_WARN_INFINITE_RECURSION = YES;
				CLANG_WARN_INT_CONVERSION = YES;
				CLANG_WARN_NON_LITERAL_NULL_CONVERSION = YES;
				CLANG_WARN_OBJC_IMPLICIT_RETAIN_SELF = YES;
				CLANG_WARN_OBJC_LITERAL_CONVERSION = YES;
				CLANG_WARN_OBJC_ROOT_CLASS = YES_ERROR;
				CLANG_WARN_QUOTED_INCLUDE_IN_FRAMEWORK_HEADER = YES;
				CLANG_WARN_RANGE_LOOP_ANALYSIS = YES;
				CLANG_WARN_STRICT_PROTOTYPES = YES;
				CLANG_WARN_SUSPICIOUS_MOVE = YES;
				CLANG_WARN_UNGUARDED_AVAILABILITY = YES_AGGRESSIVE;
				CLANG_WARN_UNREACHABLE_CODE = YES;
				CLANG_WARN__DUPLICATE_METHOD_MATCH = YES;
				COPY_PHASE_STRIP = NO;
				DEBUG_INFORMATION_FORMAT = dwarf;
				ENABLE_STRICT_OBJC_MSGSEND = YES;
				ENABLE_TESTABILITY = YES;
				GCC_C_LANGUAGE_STANDARD = gnu11;
				GCC_DYNAMIC_NO_PIC = NO;
				GCC_NO_COMMON_BLOCKS = YES;
				GCC_OPTIMIZATION_LEVEL = 0;
				GCC_PREPROCESSOR_DEFINITIONS = (
					"DEBUG=1",
					"$(inherited)",
				);
				GCC_WARN_64_TO_32_BIT_CONVERSION = YES;
				GCC_WARN_ABOUT_RETURN_TYPE = YES_ERROR;
				GCC_WARN_UNDECLARED_SELECTOR = YES;
				GCC_WARN_UNINITIALIZED_AUTOS = YES_AGGRESSIVE;
				GCC_WARN_UNUSED_FUNCTION = YES;
				GCC_WARN_UNUSED_VARIABLE = YES;
				IPHONEOS_DEPLOYMENT_TARGET = 15.2;
				MTL_ENABLE_DEBUG_INFO = INCLUDE_SOURCE;
				MTL_FAST_MATH = YES;
				ONLY_ACTIVE_ARCH = YES;
				SDKROOT = iphoneos;
				SWIFT_ACTIVE_COMPILATION_CONDITIONS = DEBUG;
				SWIFT_OPTIMIZATION_LEVEL = "-Onone";
			};
			name = Debug;
		};
		AE8904EA27DF6BBE006CC4DB /* Release */ = {
			isa = XCBuildConfiguration;
			buildSettings = {
				ALWAYS_SEARCH_USER_PATHS = NO;
				CLANG_ANALYZER_NONNULL = YES;
				CLANG_ANALYZER_NUMBER_OBJECT_CONVERSION = YES_AGGRESSIVE;
				CLANG_CXX_LANGUAGE_STANDARD = "gnu++17";
				CLANG_CXX_LIBRARY = "libc++";
				CLANG_ENABLE_MODULES = YES;
				CLANG_ENABLE_OBJC_ARC = YES;
				CLANG_ENABLE_OBJC_WEAK = YES;
				CLANG_WARN_BLOCK_CAPTURE_AUTORELEASING = YES;
				CLANG_WARN_BOOL_CONVERSION = YES;
				CLANG_WARN_COMMA = YES;
				CLANG_WARN_CONSTANT_CONVERSION = YES;
				CLANG_WARN_DEPRECATED_OBJC_IMPLEMENTATIONS = YES;
				CLANG_WARN_DIRECT_OBJC_ISA_USAGE = YES_ERROR;
				CLANG_WARN_DOCUMENTATION_COMMENTS = YES;
				CLANG_WARN_EMPTY_BODY = YES;
				CLANG_WARN_ENUM_CONVERSION = YES;
				CLANG_WARN_INFINITE_RECURSION = YES;
				CLANG_WARN_INT_CONVERSION = YES;
				CLANG_WARN_NON_LITERAL_NULL_CONVERSION = YES;
				CLANG_WARN_OBJC_IMPLICIT_RETAIN_SELF = YES;
				CLANG_WARN_OBJC_LITERAL_CONVERSION = YES;
				CLANG_WARN_OBJC_ROOT_CLASS = YES_ERROR;
				CLANG_WARN_QUOTED_INCLUDE_IN_FRAMEWORK_HEADER = YES;
				CLANG_WARN_RANGE_LOOP_ANALYSIS = YES;
				CLANG_WARN_STRICT_PROTOTYPES = YES;
				CLANG_WARN_SUSPICIOUS_MOVE = YES;
				CLANG_WARN_UNGUARDED_AVAILABILITY = YES_AGGRESSIVE;
				CLANG_WARN_UNREACHABLE_CODE = YES;
				CLANG_WARN__DUPLICATE_METHOD_MATCH = YES;
				COPY_PHASE_STRIP = NO;
				DEBUG_INFORMATION_FORMAT = "dwarf-with-dsym";
				ENABLE_NS_ASSERTIONS = NO;
				ENABLE_STRICT_OBJC_MSGSEND = YES;
				GCC_C_LANGUAGE_STANDARD = gnu11;
				GCC_NO_COMMON_BLOCKS = YES;
				GCC_WARN_64_TO_32_BIT_CONVERSION = YES;
				GCC_WARN_ABOUT_RETURN_TYPE = YES_ERROR;
				GCC_WARN_UNDECLARED_SELECTOR = YES;
				GCC_WARN_UNINITIALIZED_AUTOS = YES_AGGRESSIVE;
				GCC_WARN_UNUSED_FUNCTION = YES;
				GCC_WARN_UNUSED_VARIABLE = YES;
				IPHONEOS_DEPLOYMENT_TARGET = 15.2;
				MTL_ENABLE_DEBUG_INFO = NO;
				MTL_FAST_MATH = YES;
				SDKROOT = iphoneos;
				SWIFT_COMPILATION_MODE = wholemodule;
				SWIFT_OPTIMIZATION_LEVEL = "-O";
				VALIDATE_PRODUCT = YES;
			};
			name = Release;
		};
		AE8904EC27DF6BBE006CC4DB /* Debug */ = {
			isa = XCBuildConfiguration;
			baseConfigurationReference = 7B07F3E3F9A335D36EDB0D77 /* Pods-SpotifyLoginSampleApp.debug.xcconfig */;
			buildSettings = {
				ASSETCATALOG_COMPILER_APPICON_NAME = AppIcon;
				ASSETCATALOG_COMPILER_GLOBAL_ACCENT_COLOR_NAME = AccentColor;
				CODE_SIGN_STYLE = Automatic;
				CURRENT_PROJECT_VERSION = 1;
				DEVELOPMENT_TEAM = HAXVV3XLZ6;
				GENERATE_INFOPLIST_FILE = YES;
				INFOPLIST_FILE = SpotifyLoginSampleApp/Info.plist;
				INFOPLIST_KEY_UIApplicationSupportsIndirectInputEvents = YES;
				INFOPLIST_KEY_UILaunchStoryboardName = LaunchScreen;
				INFOPLIST_KEY_UIMainStoryboardFile = Main;
				INFOPLIST_KEY_UISupportedInterfaceOrientations_iPad = "UIInterfaceOrientationPortrait UIInterfaceOrientationPortraitUpsideDown UIInterfaceOrientationLandscapeLeft UIInterfaceOrientationLandscapeRight";
				INFOPLIST_KEY_UISupportedInterfaceOrientations_iPhone = "UIInterfaceOrientationPortrait UIInterfaceOrientationLandscapeLeft UIInterfaceOrientationLandscapeRight";
				LD_RUNPATH_SEARCH_PATHS = (
					"$(inherited)",
					"@executable_path/Frameworks",
				);
				MARKETING_VERSION = 1.0;
				PRODUCT_BUNDLE_IDENTIFIER = kr.co.jsa.SpotifyLoginSampleApp;
				PRODUCT_NAME = "$(TARGET_NAME)";
				SWIFT_EMIT_LOC_STRINGS = YES;
				SWIFT_VERSION = 5.0;
				TARGETED_DEVICE_FAMILY = "1,2";
			};
			name = Debug;
		};
		AE8904ED27DF6BBE006CC4DB /* Release */ = {
			isa = XCBuildConfiguration;
			baseConfigurationReference = 3537D952983D56AC04FF17FA /* Pods-SpotifyLoginSampleApp.release.xcconfig */;
			buildSettings = {
				ASSETCATALOG_COMPILER_APPICON_NAME = AppIcon;
				ASSETCATALOG_COMPILER_GLOBAL_ACCENT_COLOR_NAME = AccentColor;
				CODE_SIGN_STYLE = Automatic;
				CURRENT_PROJECT_VERSION = 1;
				DEVELOPMENT_TEAM = HAXVV3XLZ6;
				GENERATE_INFOPLIST_FILE = YES;
				INFOPLIST_FILE = SpotifyLoginSampleApp/Info.plist;
				INFOPLIST_KEY_UIApplicationSupportsIndirectInputEvents = YES;
				INFOPLIST_KEY_UILaunchStoryboardName = LaunchScreen;
				INFOPLIST_KEY_UIMainStoryboardFile = Main;
				INFOPLIST_KEY_UISupportedInterfaceOrientations_iPad = "UIInterfaceOrientationPortrait UIInterfaceOrientationPortraitUpsideDown UIInterfaceOrientationLandscapeLeft UIInterfaceOrientationLandscapeRight";
				INFOPLIST_KEY_UISupportedInterfaceOrientations_iPhone = "UIInterfaceOrientationPortrait UIInterfaceOrientationLandscapeLeft UIInterfaceOrientationLandscapeRight";
				LD_RUNPATH_SEARCH_PATHS = (
					"$(inherited)",
					"@executable_path/Frameworks",
				);
				MARKETING_VERSION = 1.0;
				PRODUCT_BUNDLE_IDENTIFIER = kr.co.jsa.SpotifyLoginSampleApp;
				PRODUCT_NAME = "$(TARGET_NAME)";
				SWIFT_EMIT_LOC_STRINGS = YES;
				SWIFT_VERSION = 5.0;
				TARGETED_DEVICE_FAMILY = "1,2";
			};
			name = Release;
		};
/* End XCBuildConfiguration section */

/* Begin XCConfigurationList section */
		AE8904D227DF6BBE006CC4DB /* Build configuration list for PBXProject "SpotifyLoginSampleApp" */ = {
			isa = XCConfigurationList;
			buildConfigurations = (
				AE8904E927DF6BBE006CC4DB /* Debug */,
				AE8904EA27DF6BBE006CC4DB /* Release */,
			);
			defaultConfigurationIsVisible = 0;
			defaultConfigurationName = Release;
		};
		AE8904EB27DF6BBE006CC4DB /* Build configuration list for PBXNativeTarget "SpotifyLoginSampleApp" */ = {
			isa = XCConfigurationList;
			buildConfigurations = (
				AE8904EC27DF6BBE006CC4DB /* Debug */,
				AE8904ED27DF6BBE006CC4DB /* Release */,
			);
			defaultConfigurationIsVisible = 0;
			defaultConfigurationName = Release;
		};
/* End XCConfigurationList section */
	};
	rootObject = AE8904CF27DF6BBE006CC4DB /* Project object */;
}
